{
  "name": "covid-19-estimator-js",
  "version": "1.0.0",
  "lockfileVersion": 1,
  "requires": true,
  "dependencies": {
    "on-covid-19": {
      "version": "0.1.3",
      "resolved": "https://registry.npmjs.org/on-covid-19/-/on-covid-19-0.1.3.tgz",
      "integrity": "sha512-i4S9lESMxMRNsaESjxrXi5Bh2fpKdLD8zSpDwp8GcyZvXZcJ/4fXjOZ26nDebWvmDrPFF3+emTyk4560Szfl6A=="
    }
  }
}
